
Microsoft Visual Studio Solution File, Format Version 12.00
# Visual Studio Version 17
VisualStudioVersion = 17.12.35728.132
MinimumVisualStudioVersion = 10.0.40219.1
Project("{FAE04EC0-301F-11D3-BF4B-00C04F79EFBC}") = "svnCaching", "svnCaching\svnCaching.csproj", "{1BDF7959-4690-4F70-8D5A-B24AF66B869A}"
EndProject
Project("{FAE04EC0-301F-11D3-BF4B-00C04F79EFBC}") = "svnCachingTests", "svnCachingTests\svnCachingTests.csproj", "{A8D5ECF0-8FB3-4FC5-BB33-655148DFAEF4}"
EndProject
Global
	GlobalSection(SolutionConfigurationPlatforms) = preSolution
		Debug|Any CPU = Debug|Any CPU
		Release|Any CPU = Release|Any CPU
	EndGlobalSection
	GlobalSection(ProjectConfigurationPlatforms) = postSolution
		{1BDF7959-4690-4F70-8D5A-B24AF66B869A}.Debug|Any CPU.ActiveCfg = Debug|Any CPU
		{1BDF7959-4690-4F70-8D5A-B24AF66B869A}.Debug|Any CPU.Build.0 = Debug|Any CPU
		{1BDF7959-4690-4F70-8D5A-B24AF66B869A}.Release|Any CPU.ActiveCfg = Release|Any CPU
		{1BDF7959-4690-4F70-8D5A-B24AF66B869A}.Release|Any CPU.Build.0 = Release|Any CPU
		{A8D5ECF0-8FB3-4FC5-BB33-655148DFAEF4}.Debug|Any CPU.ActiveCfg = Debug|Any CPU
		{A8D5ECF0-8FB3-4FC5-BB33-655148DFAEF4}.Debug|Any CPU.Build.0 = Debug|Any CPU
		{A8D5ECF0-8FB3-4FC5-BB33-655148DFAEF4}.Release|Any CPU.ActiveCfg = Release|Any CPU
		{A8D5ECF0-8FB3-4FC5-BB33-655148DFAEF4}.Release|Any CPU.Build.0 = Release|Any CPU
	EndGlobalSection
	GlobalSection(SolutionProperties) = preSolution
		HideSolutionNode = FALSE
	EndGlobalSection
	GlobalSection(ExtensibilityGlobals) = postSolution
		SolutionGuid = {18AB910E-DEFC-4E07-9DE8-A8D0489C9F3D}
	EndGlobalSection
EndGlobal
